
Microsoft Visual Studio Solution File, Format Version 12.00
# Visual Studio 14
VisualStudioVersion = 14.0.25420.1
MinimumVisualStudioVersion = 10.0.40219.1
Project("{FAE04EC0-301F-11D3-BF4B-00C04F79EFBC}") = "HelloWorld", "HelloWorld\HelloWorld.csproj", "{803DB856-198E-419D-9E0C-728F21FAFFCA}"
EndProject
Project("{FAE04EC0-301F-11D3-BF4B-00C04F79EFBC}") = "CheatConsole", "CheatConsole\CheatConsole.csproj", "{2FC75F0A-5062-4FD8-8BC5-3C6700E4E07D}"
EndProject
Project("{FAE04EC0-301F-11D3-BF4B-00C04F79EFBC}") = "XLua", "XLua\XLua.csproj", "{FC7E5247-5F23-46EE-B1F1-E4276FFF4290}"
EndProject
Project("{FAE04EC0-301F-11D3-BF4B-00C04F79EFBC}") = "CheatConsoleTest", "CheatConsoleTest\CheatConsoleTest.csproj", "{35267C69-2818-42FC-800A-450756E66EBC}"
EndProject
Project("{FAE04EC0-301F-11D3-BF4B-00C04F79EFBC}") = "LibA", "LibA\LibA.csproj", "{857A897B-EFF3-4129-8746-9B5B76C2ABAC}"
EndProject
Project("{FAE04EC0-301F-11D3-BF4B-00C04F79EFBC}") = "LibB", "LibB\LibB.csproj", "{ABB62F74-0540-411E-A38A-ED9AC7B8EB97}"
EndProject
Project("{FAE04EC0-301F-11D3-BF4B-00C04F79EFBC}") = "HelloWPF", "HelloWPF\HelloWPF.csproj", "{8C7A4E5F-E246-42C8-A28A-325FE8DD7481}"
EndProject
Project("{FAE04EC0-301F-11D3-BF4B-00C04F79EFBC}") = "SimpleMVVM", "SimpleMVVM\SimpleMVVM.csproj", "{F1D122C9-BA05-49BB-8054-465E815A9E8B}"
EndProject
Project("{FAE04EC0-301F-11D3-BF4B-00C04F79EFBC}") = "TreeViewDemo", "TreeViewDemo\TreeViewDemo.csproj", "{4CADEBBE-888E-4DE3-85F1-E8DC7A89DF23}"
EndProject
Project("{FAE04EC0-301F-11D3-BF4B-00C04F79EFBC}") = "CustomControl", "CustomControl\CustomControl.csproj", "{764E04A6-C73B-424E-B613-43141C2E52EC}"
EndProject
Project("{FAE04EC0-301F-11D3-BF4B-00C04F79EFBC}") = "PopupControlLib", "PopupControlLib\PopupControlLib.csproj", "{AE57E8F3-4C2B-4187-A281-D9CD05471373}"
EndProject
Project("{FAE04EC0-301F-11D3-BF4B-00C04F79EFBC}") = "PopupControlTest", "PopupControlTest\PopupControlTest.csproj", "{C39EC2D2-2002-4562-9D69-6B33A20E3C2C}"
EndProject
Project("{FAE04EC0-301F-11D3-BF4B-00C04F79EFBC}") = "TestXml", "TestXml\TestXml.csproj", "{291ABCE4-5295-4646-A427-9C410530ACB5}"
EndProject
Project("{FAE04EC0-301F-11D3-BF4B-00C04F79EFBC}") = "TestAsync", "TestAsync\TestAsync.csproj", "{6790D96D-B4DF-46A0-BA80-4E4B4CB217A8}"
EndProject
Project("{FAE04EC0-301F-11D3-BF4B-00C04F79EFBC}") = "TestControl", "TestControl\TestControl.csproj", "{1A490CB9-7E19-407B-82B6-3DC35E82E6ED}"
EndProject
Project("{FAE04EC0-301F-11D3-BF4B-00C04F79EFBC}") = "ICSharpCode.TreeView", "SharpTreeView\ICSharpCode.TreeView.csproj", "{DDE2A481-8271-4EAC-A330-8FA6A38D13D1}"
EndProject
Project("{FAE04EC0-301F-11D3-BF4B-00C04F79EFBC}") = "ICSharpCode.TreeViewDemo", "ICSharpCode.TreeViewDemo\ICSharpCode.TreeViewDemo.csproj", "{781F1433-C8C8-4309-8AAA-AA4937B40C7D}"
EndProject
Project("{FAE04EC0-301F-11D3-BF4B-00C04F79EFBC}") = "TestPCL", "TestPCL\TestPCL.csproj", "{A3521DCF-DC40-412E-89B4-06ECC702593C}"
EndProject
Global
	GlobalSection(SolutionConfigurationPlatforms) = preSolution
		Debug|Any CPU = Debug|Any CPU
		Release|Any CPU = Release|Any CPU
	EndGlobalSection
	GlobalSection(ProjectConfigurationPlatforms) = postSolution
		{803DB856-198E-419D-9E0C-728F21FAFFCA}.Debug|Any CPU.ActiveCfg = Debug|Any CPU
		{803DB856-198E-419D-9E0C-728F21FAFFCA}.Debug|Any CPU.Build.0 = Debug|Any CPU
		{803DB856-198E-419D-9E0C-728F21FAFFCA}.Release|Any CPU.ActiveCfg = Release|Any CPU
		{803DB856-198E-419D-9E0C-728F21FAFFCA}.Release|Any CPU.Build.0 = Release|Any CPU
		{2FC75F0A-5062-4FD8-8BC5-3C6700E4E07D}.Debug|Any CPU.ActiveCfg = Debug|Any CPU
		{2FC75F0A-5062-4FD8-8BC5-3C6700E4E07D}.Debug|Any CPU.Build.0 = Debug|Any CPU
		{2FC75F0A-5062-4FD8-8BC5-3C6700E4E07D}.Release|Any CPU.ActiveCfg = Release|Any CPU
		{2FC75F0A-5062-4FD8-8BC5-3C6700E4E07D}.Release|Any CPU.Build.0 = Release|Any CPU
		{FC7E5247-5F23-46EE-B1F1-E4276FFF4290}.Debug|Any CPU.ActiveCfg = Debug|Any CPU
		{FC7E5247-5F23-46EE-B1F1-E4276FFF4290}.Debug|Any CPU.Build.0 = Debug|Any CPU
		{FC7E5247-5F23-46EE-B1F1-E4276FFF4290}.Release|Any CPU.ActiveCfg = Release|Any CPU
		{FC7E5247-5F23-46EE-B1F1-E4276FFF4290}.Release|Any CPU.Build.0 = Release|Any CPU
		{35267C69-2818-42FC-800A-450756E66EBC}.Debug|Any CPU.ActiveCfg = Debug|Any CPU
		{35267C69-2818-42FC-800A-450756E66EBC}.Debug|Any CPU.Build.0 = Debug|Any CPU
		{35267C69-2818-42FC-800A-450756E66EBC}.Release|Any CPU.ActiveCfg = Release|Any CPU
		{35267C69-2818-42FC-800A-450756E66EBC}.Release|Any CPU.Build.0 = Release|Any CPU
		{857A897B-EFF3-4129-8746-9B5B76C2ABAC}.Debug|Any CPU.ActiveCfg = Debug|Any CPU
		{857A897B-EFF3-4129-8746-9B5B76C2ABAC}.Debug|Any CPU.Build.0 = Debug|Any CPU
		{857A897B-EFF3-4129-8746-9B5B76C2ABAC}.Release|Any CPU.ActiveCfg = Release|Any CPU
		{857A897B-EFF3-4129-8746-9B5B76C2ABAC}.Release|Any CPU.Build.0 = Release|Any CPU
		{ABB62F74-0540-411E-A38A-ED9AC7B8EB97}.Debug|Any CPU.ActiveCfg = Debug|Any CPU
		{ABB62F74-0540-411E-A38A-ED9AC7B8EB97}.Debug|Any CPU.Build.0 = Debug|Any CPU
		{ABB62F74-0540-411E-A38A-ED9AC7B8EB97}.Release|Any CPU.ActiveCfg = Release|Any CPU
		{ABB62F74-0540-411E-A38A-ED9AC7B8EB97}.Release|Any CPU.Build.0 = Release|Any CPU
		{8C7A4E5F-E246-42C8-A28A-325FE8DD7481}.Debug|Any CPU.ActiveCfg = Debug|Any CPU
		{8C7A4E5F-E246-42C8-A28A-325FE8DD7481}.Debug|Any CPU.Build.0 = Debug|Any CPU
		{8C7A4E5F-E246-42C8-A28A-325FE8DD7481}.Release|Any CPU.ActiveCfg = Release|Any CPU
		{8C7A4E5F-E246-42C8-A28A-325FE8DD7481}.Release|Any CPU.Build.0 = Release|Any CPU
		{F1D122C9-BA05-49BB-8054-465E815A9E8B}.Debug|Any CPU.ActiveCfg = Debug|Any CPU
		{F1D122C9-BA05-49BB-8054-465E815A9E8B}.Debug|Any CPU.Build.0 = Debug|Any CPU
		{F1D122C9-BA05-49BB-8054-465E815A9E8B}.Release|Any CPU.ActiveCfg = Release|Any CPU
		{F1D122C9-BA05-49BB-8054-465E815A9E8B}.Release|Any CPU.Build.0 = Release|Any CPU
		{4CADEBBE-888E-4DE3-85F1-E8DC7A89DF23}.Debug|Any CPU.ActiveCfg = Debug|Any CPU
		{4CADEBBE-888E-4DE3-85F1-E8DC7A89DF23}.Debug|Any CPU.Build.0 = Debug|Any CPU
		{4CADEBBE-888E-4DE3-85F1-E8DC7A89DF23}.Release|Any CPU.ActiveCfg = Release|Any CPU
		{4CADEBBE-888E-4DE3-85F1-E8DC7A89DF23}.Release|Any CPU.Build.0 = Release|Any CPU
		{764E04A6-C73B-424E-B613-43141C2E52EC}.Debug|Any CPU.ActiveCfg = Debug|Any CPU
		{764E04A6-C73B-424E-B613-43141C2E52EC}.Debug|Any CPU.Build.0 = Debug|Any CPU
		{764E04A6-C73B-424E-B613-43141C2E52EC}.Release|Any CPU.ActiveCfg = Release|Any CPU
		{764E04A6-C73B-424E-B613-43141C2E52EC}.Release|Any CPU.Build.0 = Release|Any CPU
		{AE57E8F3-4C2B-4187-A281-D9CD05471373}.Debug|Any CPU.ActiveCfg = Debug|Any CPU
		{AE57E8F3-4C2B-4187-A281-D9CD05471373}.Debug|Any CPU.Build.0 = Debug|Any CPU
		{AE57E8F3-4C2B-4187-A281-D9CD05471373}.Release|Any CPU.ActiveCfg = Release|Any CPU
		{AE57E8F3-4C2B-4187-A281-D9CD05471373}.Release|Any CPU.Build.0 = Release|Any CPU
		{C39EC2D2-2002-4562-9D69-6B33A20E3C2C}.Debug|Any CPU.ActiveCfg = Debug|Any CPU
		{C39EC2D2-2002-4562-9D69-6B33A20E3C2C}.Debug|Any CPU.Build.0 = Debug|Any CPU
		{C39EC2D2-2002-4562-9D69-6B33A20E3C2C}.Release|Any CPU.ActiveCfg = Release|Any CPU
		{C39EC2D2-2002-4562-9D69-6B33A20E3C2C}.Release|Any CPU.Build.0 = Release|Any CPU
		{291ABCE4-5295-4646-A427-9C410530ACB5}.Debug|Any CPU.ActiveCfg = Debug|Any CPU
		{291ABCE4-5295-4646-A427-9C410530ACB5}.Debug|Any CPU.Build.0 = Debug|Any CPU
		{291ABCE4-5295-4646-A427-9C410530ACB5}.Release|Any CPU.ActiveCfg = Release|Any CPU
		{291ABCE4-5295-4646-A427-9C410530ACB5}.Release|Any CPU.Build.0 = Release|Any CPU
		{6790D96D-B4DF-46A0-BA80-4E4B4CB217A8}.Debug|Any CPU.ActiveCfg = Debug|Any CPU
		{6790D96D-B4DF-46A0-BA80-4E4B4CB217A8}.Debug|Any CPU.Build.0 = Debug|Any CPU
		{6790D96D-B4DF-46A0-BA80-4E4B4CB217A8}.Release|Any CPU.ActiveCfg = Release|Any CPU
		{6790D96D-B4DF-46A0-BA80-4E4B4CB217A8}.Release|Any CPU.Build.0 = Release|Any CPU
		{1A490CB9-7E19-407B-82B6-3DC35E82E6ED}.Debug|Any CPU.ActiveCfg = Debug|Any CPU
		{1A490CB9-7E19-407B-82B6-3DC35E82E6ED}.Debug|Any CPU.Build.0 = Debug|Any CPU
		{1A490CB9-7E19-407B-82B6-3DC35E82E6ED}.Release|Any CPU.ActiveCfg = Release|Any CPU
		{1A490CB9-7E19-407B-82B6-3DC35E82E6ED}.Release|Any CPU.Build.0 = Release|Any CPU
		{DDE2A481-8271-4EAC-A330-8FA6A38D13D1}.Debug|Any CPU.ActiveCfg = Debug|Any CPU
		{DDE2A481-8271-4EAC-A330-8FA6A38D13D1}.Debug|Any CPU.Build.0 = Debug|Any CPU
		{DDE2A481-8271-4EAC-A330-8FA6A38D13D1}.Release|Any CPU.ActiveCfg = Release|Any CPU
		{DDE2A481-8271-4EAC-A330-8FA6A38D13D1}.Release|Any CPU.Build.0 = Release|Any CPU
		{781F1433-C8C8-4309-8AAA-AA4937B40C7D}.Debug|Any CPU.ActiveCfg = Debug|Any CPU
		{781F1433-C8C8-4309-8AAA-AA4937B40C7D}.Debug|Any CPU.Build.0 = Debug|Any CPU
		{781F1433-C8C8-4309-8AAA-AA4937B40C7D}.Release|Any CPU.ActiveCfg = Release|Any CPU
		{781F1433-C8C8-4309-8AAA-AA4937B40C7D}.Release|Any CPU.Build.0 = Release|Any CPU
		{A3521DCF-DC40-412E-89B4-06ECC702593C}.Debug|Any CPU.ActiveCfg = Debug|Any CPU
		{A3521DCF-DC40-412E-89B4-06ECC702593C}.Debug|Any CPU.Build.0 = Debug|Any CPU
		{A3521DCF-DC40-412E-89B4-06ECC702593C}.Release|Any CPU.ActiveCfg = Release|Any CPU
		{A3521DCF-DC40-412E-89B4-06ECC702593C}.Release|Any CPU.Build.0 = Release|Any CPU
	EndGlobalSection
	GlobalSection(SolutionProperties) = preSolution
		HideSolutionNode = FALSE
	EndGlobalSection
EndGlobal
